// !$*UTF8*$!
{
	archiveVersion = 1;
	classes = {
	};
	objectVersion = 56;
	objects = {

/* Begin PBXBuildFile section */
		2477142D28A0969000B8AE5C /* Game_ToolsApp.swift in Sources */ = {isa = PBXBuildFile; fileRef = 2477142C28A0969000B8AE5C /* Game_ToolsApp.swift */; };
		2477142F28A0969000B8AE5C /* ContentView.swift in Sources */ = {isa = PBXBuildFile; fileRef = 2477142E28A0969000B8AE5C /* ContentView.swift */; };
		2477143128A0969100B8AE5C /* Assets.xcassets in Resources */ = {isa = PBXBuildFile; fileRef = 2477143028A0969100B8AE5C /* Assets.xcassets */; };
		2477143528A0969100B8AE5C /* Preview Assets.xcassets in Resources */ = {isa = PBXBuildFile; fileRef = 2477143428A0969100B8AE5C /* Preview Assets.xcassets */; };
		2477143F28A0969100B8AE5C /* Game_ToolsTests.swift in Sources */ = {isa = PBXBuildFile; fileRef = 2477143E28A0969100B8AE5C /* Game_ToolsTests.swift */; };
		2477144928A0969100B8AE5C /* Game_ToolsUITests.swift in Sources */ = {isa = PBXBuildFile; fileRef = 2477144828A0969100B8AE5C /* Game_ToolsUITests.swift */; };
		2477144B28A0969100B8AE5C /* Game_ToolsUITestsLaunchTests.swift in Sources */ = {isa = PBXBuildFile; fileRef = 2477144A28A0969100B8AE5C /* Game_ToolsUITestsLaunchTests.swift */; };
/* End PBXBuildFile section */

/* Begin PBXContainerItemProxy section */
		2477143B28A0969100B8AE5C /* PBXContainerItemProxy */ = {
			isa = PBXContainerItemProxy;
			containerPortal = 2477142128A0969000B8AE5C /* Project object */;
			proxyType = 1;
			remoteGlobalIDString = 2477142828A0969000B8AE5C;
			remoteInfo = "Game Tools";
		};
		2477144528A0969100B8AE5C /* PBXContainerItemProxy */ = {
			isa = PBXContainerItemProxy;
			containerPortal = 2477142128A0969000B8AE5C /* Project object */;
			proxyType = 1;
			remoteGlobalIDString = 2477142828A0969000B8AE5C;
			remoteInfo = "Game Tools";
		};
/* End PBXContainerItemProxy section */

/* Begin PBXFileReference section */
		2477142928A0969000B8AE5C /* Game Tools.app */ = {isa = PBXFileReference; explicitFileType = wrapper.application; includeInIndex = 0; path = "Game Tools.app"; sourceTree = BUILT_PRODUCTS_DIR; };
		2477142C28A0969000B8AE5C /* Game_ToolsApp.swift */ = {isa = PBXFileReference; lastKnownFileType = sourcecode.swift; path = Game_ToolsApp.swift; sourceTree = "<group>"; };
		2477142E28A0969000B8AE5C /* ContentView.swift */ = {isa = PBXFileReference; lastKnownFileType = sourcecode.swift; path = ContentView.swift; sourceTree = "<group>"; };
		2477143028A0969100B8AE5C /* Assets.xcassets */ = {isa = PBXFileReference; lastKnownFileType = folder.assetcatalog; path = Assets.xcassets; sourceTree = "<group>"; };
		2477143228A0969100B8AE5C /* Game_Tools.entitlements */ = {isa = PBXFileReference; lastKnownFileType = text.plist.entitlements; path = Game_Tools.entitlements; sourceTree = "<group>"; };
		2477143428A0969100B8AE5C /* Preview Assets.xcassets */ = {isa = PBXFileReference; lastKnownFileType = folder.assetcatalog; path = "Preview Assets.xcassets"; sourceTree = "<group>"; };
		2477143A28A0969100B8AE5C /* Game ToolsTests.xctest */ = {isa = PBXFileReference; explicitFileType = wrapper.cfbundle; includeInIndex = 0; path = "Game ToolsTests.xctest"; sourceTree = BUILT_PRODUCTS_DIR; };
		2477143E28A0969100B8AE5C /* Game_ToolsTests.swift */ = {isa = PBXFileReference; lastKnownFileType = sourcecode.swift; path = Game_ToolsTests.swift; sourceTree = "<group>"; };
		2477144428A0969100B8AE5C /* Game ToolsUITests.xctest */ = {isa = PBXFileReference; explicitFileType = wrapper.cfbundle; includeInIndex = 0; path = "Game ToolsUITests.xctest"; sourceTree = BUILT_PRODUCTS_DIR; };
		2477144828A0969100B8AE5C /* Game_ToolsUITests.swift */ = {isa = PBXFileReference; lastKnownFileType = sourcecode.swift; path = Game_ToolsUITests.swift; sourceTree = "<group>"; };
		2477144A28A0969100B8AE5C /* Game_ToolsUITestsLaunchTests.swift */ = {isa = PBXFileReference; lastKnownFileType = sourcecode.swift; path = Game_ToolsUITestsLaunchTests.swift; sourceTree = "<group>"; };
/* End PBXFileReference section */

/* Begin PBXFrameworksBuildPhase section */
		2477142628A0969000B8AE5C /* Frameworks */ = {
			isa = PBXFrameworksBuildPhase;
			buildActionMask = 2147483647;
			files = (
			);
			runOnlyForDeploymentPostprocessing = 0;
		};
		2477143728A0969100B8AE5C /* Frameworks */ = {
			isa = PBXFrameworksBuildPhase;
			buildActionMask = 2147483647;
			files = (
			);
			runOnlyForDeploymentPostprocessing = 0;
		};
		2477144128A0969100B8AE5C /* Frameworks */ = {
			isa = PBXFrameworksBuildPhase;
			buildActionMask = 2147483647;
			files = (
			);
			runOnlyForDeploymentPostprocessing = 0;
		};
/* End PBXFrameworksBuildPhase section */

/* Begin PBXGroup section */
		2477142028A0969000B8AE5C = {
			isa = PBXGroup;
			children = (
				2477142B28A0969000B8AE5C /* Game Tools */,
				2477143D28A0969100B8AE5C /* Game ToolsTests */,
				2477144728A0969100B8AE5C /* Game ToolsUITests */,
				2477142A28A0969000B8AE5C /* Products */,
			);
			sourceTree = "<group>";
		};
		2477142A28A0969000B8AE5C /* Products */ = {
			isa = PBXGroup;
			children = (
				2477142928A0969000B8AE5C /* Game Tools.app */,
				2477143A28A0969100B8AE5C /* Game ToolsTests.xctest */,
				2477144428A0969100B8AE5C /* Game ToolsUITests.xctest */,
			);
			name = Products;
			sourceTree = "<group>";
		};
		2477142B28A0969000B8AE5C /* Game Tools */ = {
			isa = PBXGroup;
			children = (
				2477142C28A0969000B8AE5C /* Game_ToolsApp.swift */,
				2477142E28A0969000B8AE5C /* ContentView.swift */,
				2477143028A0969100B8AE5C /* Assets.xcassets */,
				2477143228A0969100B8AE5C /* Game_Tools.entitlements */,
				2477143328A0969100B8AE5C /* Preview Content */,
			);
			path = "Game Tools";
			sourceTree = "<group>";
		};
		2477143328A0969100B8AE5C /* Preview Content */ = {
			isa = PBXGroup;
			children = (
				2477143428A0969100B8AE5C /* Preview Assets.xcassets */,
			);
			path = "Preview Content";
			sourceTree = "<group>";
		};
		2477143D28A0969100B8AE5C /* Game ToolsTests */ = {
			isa = PBXGroup;
			children = (
				2477143E28A0969100B8AE5C /* Game_ToolsTests.swift */,
			);
			path = "Game ToolsTests";
			sourceTree = "<group>";
		};
		2477144728A0969100B8AE5C /* Game ToolsUITests */ = {
			isa = PBXGroup;
			children = (
				2477144828A0969100B8AE5C /* Game_ToolsUITests.swift */,
				2477144A28A0969100B8AE5C /* Game_ToolsUITestsLaunchTests.swift */,
			);
			path = "Game ToolsUITests";
			sourceTree = "<group>";
		};
/* End PBXGroup section */

/* Begin PBXNativeTarget section */
		2477142828A0969000B8AE5C /* Game Tools */ = {
			isa = PBXNativeTarget;
			buildConfigurationList = 2477144E28A0969100B8AE5C /* Build configuration list for PBXNativeTarget "Game Tools" */;
			buildPhases = (
				2477142528A0969000B8AE5C /* Sources */,
				2477142628A0969000B8AE5C /* Frameworks */,
				2477142728A0969000B8AE5C /* Resources */,
			);
			buildRules = (
			);
			dependencies = (
			);
			name = "Game Tools";
			productName = "Game Tools";
			productReference = 2477142928A0969000B8AE5C /* Game Tools.app */;
			productType = "com.apple.product-type.application";
		};
		2477143928A0969100B8AE5C /* Game ToolsTests */ = {
			isa = PBXNativeTarget;
			buildConfigurationList = 2477145128A0969100B8AE5C /* Build configuration list for PBXNativeTarget "Game ToolsTests" */;
			buildPhases = (
				2477143628A0969100B8AE5C /* Sources */,
				2477143728A0969100B8AE5C /* Frameworks */,
				2477143828A0969100B8AE5C /* Resources */,
			);
			buildRules = (
			);
			dependencies = (
				2477143C28A0969100B8AE5C /* PBXTargetDependency */,
			);
			name = "Game ToolsTests";
			productName = "Game ToolsTests";
			productReference = 2477143A28A0969100B8AE5C /* Game ToolsTests.xctest */;
			productType = "com.apple.product-type.bundle.unit-test";
		};
		2477144328A0969100B8AE5C /* Game ToolsUITests */ = {
			isa = PBXNativeTarget;
			buildConfigurationList = 2477145428A0969100B8AE5C /* Build configuration list for PBXNativeTarget "Game ToolsUITests" */;
			buildPhases = (
				2477144028A0969100B8AE5C /* Sources */,
				2477144128A0969100B8AE5C /* Frameworks */,
				2477144228A0969100B8AE5C /* Resources */,
			);
			buildRules = (
			);
			dependencies = (
				2477144628A0969100B8AE5C /* PBXTargetDependency */,
			);
			name = "Game ToolsUITests";
			productName = "Game ToolsUITests";
			productReference = 2477144428A0969100B8AE5C /* Game ToolsUITests.xctest */;
			productType = "com.apple.product-type.bundle.ui-testing";
		};
/* End PBXNativeTarget section */

/* Begin PBXProject section */
		2477142128A0969000B8AE5C /* Project object */ = {
			isa = PBXProject;
			attributes = {
				BuildIndependentTargetsInParallel = 1;
				LastSwiftUpdateCheck = 1400;
				LastUpgradeCheck = 1400;
				TargetAttributes = {
					2477142828A0969000B8AE5C = {
						CreatedOnToolsVersion = 14.0;
					};
					2477143928A0969100B8AE5C = {
						CreatedOnToolsVersion = 14.0;
						TestTargetID = 2477142828A0969000B8AE5C;
					};
					2477144328A0969100B8AE5C = {
						CreatedOnToolsVersion = 14.0;
						TestTargetID = 2477142828A0969000B8AE5C;
					};
				};
			};
			buildConfigurationList = 2477142428A0969000B8AE5C /* Build configuration list for PBXProject "Game Tools" */;
			compatibilityVersion = "Xcode 14.0";
			developmentRegion = en;
			hasScannedForEncodings = 0;
			knownRegions = (
				en,
				Base,
			);
			mainGroup = 2477142028A0969000B8AE5C;
			productRefGroup = 2477142A28A0969000B8AE5C /* Products */;
			projectDirPath = "";
			projectRoot = "";
			targets = (
				2477142828A0969000B8AE5C /* Game Tools */,
				2477143928A0969100B8AE5C /* Game ToolsTests */,
				2477144328A0969100B8AE5C /* Game ToolsUITests */,
			);
		};
/* End PBXProject section */

/* Begin PBXResourcesBuildPhase section */
		2477142728A0969000B8AE5C /* Resources */ = {
			isa = PBXResourcesBuildPhase;
			buildActionMask = 2147483647;
			files = (
				2477143528A0969100B8AE5C /* Preview Assets.xcassets in Resources */,
				2477143128A0969100B8AE5C /* Assets.xcassets in Resources */,
			);
			runOnlyForDeploymentPostprocessing = 0;
		};
		2477143828A0969100B8AE5C /* Resources */ = {
			isa = PBXResourcesBuildPhase;
			buildActionMask = 2147483647;
			files = (
			);
			runOnlyForDeploymentPostprocessing = 0;
		};
		2477144228A0969100B8AE5C /* Resources */ = {
			isa = PBXResourcesBuildPhase;
			buildActionMask = 2147483647;
			files = (
			);
			runOnlyForDeploymentPostprocessing = 0;
		};
/* End PBXResourcesBuildPhase section */

/* Begin PBXSourcesBuildPhase section */
		2477142528A0969000B8AE5C /* Sources */ = {
			isa = PBXSourcesBuildPhase;
			buildActionMask = 2147483647;
			files = (
				2477142F28A0969000B8AE5C /* ContentView.swift in Sources */,
				2477142D28A0969000B8AE5C /* Game_ToolsApp.swift in Sources */,
			);
			runOnlyForDeploymentPostprocessing = 0;
		};
		2477143628A0969100B8AE5C /* Sources */ = {
			isa = PBXSourcesBuildPhase;
			buildActionMask = 2147483647;
			files = (
				2477143F28A0969100B8AE5C /* Game_ToolsTests.swift in Sources */,
			);
			runOnlyForDeploymentPostprocessing = 0;
		};
		2477144028A0969100B8AE5C /* Sources */ = {
			isa = PBXSourcesBuildPhase;
			buildActionMask = 2147483647;
			files = (
				2477144B28A0969100B8AE5C /* Game_ToolsUITestsLaunchTests.swift in Sources */,
				2477144928A0969100B8AE5C /* Game_ToolsUITests.swift in Sources */,
			);
			runOnlyForDeploymentPostprocessing = 0;
		};
/* End PBXSourcesBuildPhase section */

/* Begin PBXTargetDependency section */
		2477143C28A0969100B8AE5C /* PBXTargetDependency */ = {
			isa = PBXTargetDependency;
			target = 2477142828A0969000B8AE5C /* Game Tools */;
			targetProxy = 2477143B28A0969100B8AE5C /* PBXContainerItemProxy */;
		};
		2477144628A0969100B8AE5C /* PBXTargetDependency */ = {
			isa = PBXTargetDependency;
			target = 2477142828A0969000B8AE5C /* Game Tools */;
			targetProxy = 2477144528A0969100B8AE5C /* PBXContainerItemProxy */;
		};
/* End PBXTargetDependency section */

/* Begin XCBuildConfiguration section */
		2477144C28A0969100B8AE5C /* Debug */ = {
			isa = XCBuildConfiguration;
			buildSettings = {
				ALWAYS_SEARCH_USER_PATHS = NO;
				CLANG_ANALYZER_NONNULL = YES;
				CLANG_ANALYZER_NUMBER_OBJECT_CONVERSION = YES_AGGRESSIVE;
				CLANG_CXX_LANGUAGE_STANDARD = "gnu++20";
				CLANG_ENABLE_MODULES = YES;
				CLANG_ENABLE_OBJC_ARC = YES;
				CLANG_ENABLE_OBJC_WEAK = YES;
				CLANG_WARN_BLOCK_CAPTURE_AUTORELEASING = YES;
				CLANG_WARN_BOOL_CONVERSION = YES;
				CLANG_WARN_COMMA = YES;
				CLANG_WARN_CONSTANT_CONVERSION = YES;
				CLANG_WARN_DEPRECATED_OBJC_IMPLEMENTATIONS = YES;
				CLANG_WARN_DIRECT_OBJC_ISA_USAGE = YES_ERROR;
				CLANG_WARN_DOCUMENTATION_COMMENTS = YES;
				CLANG_WARN_EMPTY_BODY = YES;
				CLANG_WARN_ENUM_CONVERSION = YES;
				CLANG_WARN_INFINITE_RECURSION = YES;
				CLANG_WARN_INT_CONVERSION = YES;
				CLANG_WARN_NON_LITERAL_NULL_CONVERSION = YES;
				CLANG_WARN_OBJC_IMPLICIT_RETAIN_SELF = YES;
				CLANG_WARN_OBJC_LITERAL_CONVERSION = YES;
				CLANG_WARN_OBJC_ROOT_CLASS = YES_ERROR;
				CLANG_WARN_QUOTED_INCLUDE_IN_FRAMEWORK_HEADER = YES;
				CLANG_WARN_RANGE_LOOP_ANALYSIS = YES;
				CLANG_WARN_STRICT_PROTOTYPES = YES;
				CLANG_WARN_SUSPICIOUS_MOVE = YES;
				CLANG_WARN_UNGUARDED_AVAILABILITY = YES_AGGRESSIVE;
				CLANG_WARN_UNREACHABLE_CODE = YES;
				CLANG_WARN__DUPLICATE_METHOD_MATCH = YES;
				COPY_PHASE_STRIP = NO;
				DEBUG_INFORMATION_FORMAT = dwarf;
				ENABLE_STRICT_OBJC_MSGSEND = YES;
				ENABLE_TESTABILITY = YES;
				GCC_C_LANGUAGE_STANDARD = gnu11;
				GCC_DYNAMIC_NO_PIC = NO;
				GCC_NO_COMMON_BLOCKS = YES;
				GCC_OPTIMIZATION_LEVEL = 0;
				GCC_PREPROCESSOR_DEFINITIONS = (
					"DEBUG=1",
					"$(inherited)",
				);
				GCC_WARN_64_TO_32_BIT_CONVERSION = YES;
				GCC_WARN_ABOUT_RETURN_TYPE = YES_ERROR;
				GCC_WARN_UNDECLARED_SELECTOR = YES;
				GCC_WARN_UNINITIALIZED_AUTOS = YES_AGGRESSIVE;
				GCC_WARN_UNUSED_FUNCTION = YES;
				GCC_WARN_UNUSED_VARIABLE = YES;
				MTL_ENABLE_DEBUG_INFO = INCLUDE_SOURCE;
				MTL_FAST_MATH = YES;
				ONLY_ACTIVE_ARCH = YES;
				SWIFT_ACTIVE_COMPILATION_CONDITIONS = DEBUG;
				SWIFT_OPTIMIZATION_LEVEL = "-Onone";
			};
			name = Debug;
		};
		2477144D28A0969100B8AE5C /* Release */ = {
			isa = XCBuildConfiguration;
			buildSettings = {
				ALWAYS_SEARCH_USER_PATHS = NO;
				CLANG_ANALYZER_NONNULL = YES;
				CLANG_ANALYZER_NUMBER_OBJECT_CONVERSION = YES_AGGRESSIVE;
				CLANG_CXX_LANGUAGE_STANDARD = "gnu++20";
				CLANG_ENABLE_MODULES = YES;
				CLANG_ENABLE_OBJC_ARC = YES;
				CLANG_ENABLE_OBJC_WEAK = YES;
				CLANG_WARN_BLOCK_CAPTURE_AUTORELEASING = YES;
				CLANG_WARN_BOOL_CONVERSION = YES;
				CLANG_WARN_COMMA = YES;
				CLANG_WARN_CONSTANT_CONVERSION = YES;
				CLANG_WARN_DEPRECATED_OBJC_IMPLEMENTATIONS = YES;
				CLANG_WARN_DIRECT_OBJC_ISA_USAGE = YES_ERROR;
				CLANG_WARN_DOCUMENTATION_COMMENTS = YES;
				CLANG_WARN_EMPTY_BODY = YES;
				CLANG_WARN_ENUM_CONVERSION = YES;
				CLANG_WARN_INFINITE_RECURSION = YES;
				CLANG_WARN_INT_CONVERSION = YES;
				CLANG_WARN_NON_LITERAL_NULL_CONVERSION = YES;
				CLANG_WARN_OBJC_IMPLICIT_RETAIN_SELF = YES;
				CLANG_WARN_OBJC_LITERAL_CONVERSION = YES;
				CLANG_WARN_OBJC_ROOT_CLASS = YES_ERROR;
				CLANG_WARN_QUOTED_INCLUDE_IN_FRAMEWORK_HEADER = YES;
				CLANG_WARN_RANGE_LOOP_ANALYSIS = YES;
				CLANG_WARN_STRICT_PROTOTYPES = YES;
				CLANG_WARN_SUSPICIOUS_MOVE = YES;
				CLANG_WARN_UNGUARDED_AVAILABILITY = YES_AGGRESSIVE;
				CLANG_WARN_UNREACHABLE_CODE = YES;
				CLANG_WARN__DUPLICATE_METHOD_MATCH = YES;
				COPY_PHASE_STRIP = NO;
				DEBUG_INFORMATION_FORMAT = "dwarf-with-dsym";
				ENABLE_NS_ASSERTIONS = NO;
				ENABLE_STRICT_OBJC_MSGSEND = YES;
				GCC_C_LANGUAGE_STANDARD = gnu11;
				GCC_NO_COMMON_BLOCKS = YES;
				GCC_WARN_64_TO_32_BIT_CONVERSION = YES;
				GCC_WARN_ABOUT_RETURN_TYPE = YES_ERROR;
				GCC_WARN_UNDECLARED_SELECTOR = YES;
				GCC_WARN_UNINITIALIZED_AUTOS = YES_AGGRESSIVE;
				GCC_WARN_UNUSED_FUNCTION = YES;
				GCC_WARN_UNUSED_VARIABLE = YES;
				MTL_ENABLE_DEBUG_INFO = NO;
				MTL_FAST_MATH = YES;
				SWIFT_COMPILATION_MODE = wholemodule;
				SWIFT_OPTIMIZATION_LEVEL = "-O";
			};
			name = Release;
		};
		2477144F28A0969100B8AE5C /* Debug */ = {
			isa = XCBuildConfiguration;
			buildSettings = {
				ASSETCATALOG_COMPILER_APPICON_NAME = AppIcon;
				ASSETCATALOG_COMPILER_GLOBAL_ACCENT_COLOR_NAME = AccentColor;
				CODE_SIGN_ENTITLEMENTS = "Game Tools/Game_Tools.entitlements";
				CODE_SIGN_STYLE = Automatic;
				CURRENT_PROJECT_VERSION = 1;
				DEVELOPMENT_ASSET_PATHS = "\"Game Tools/Preview Content\"";
				DEVELOPMENT_TEAM = N5X3KC9PBF;
				ENABLE_HARDENED_RUNTIME = YES;
				ENABLE_PREVIEWS = YES;
				GENERATE_INFOPLIST_FILE = YES;
				"INFOPLIST_KEY_UIApplicationSceneManifest_Generation[sdk=iphoneos*]" = YES;
				"INFOPLIST_KEY_UIApplicationSceneManifest_Generation[sdk=iphonesimulator*]" = YES;
				"INFOPLIST_KEY_UIApplicationSupportsIndirectInputEvents[sdk=iphoneos*]" = YES;
				"INFOPLIST_KEY_UIApplicationSupportsIndirectInputEvents[sdk=iphonesimulator*]" = YES;
				"INFOPLIST_KEY_UILaunchScreen_Generation[sdk=iphoneos*]" = YES;
				"INFOPLIST_KEY_UILaunchScreen_Generation[sdk=iphonesimulator*]" = YES;
				"INFOPLIST_KEY_UIStatusBarStyle[sdk=iphoneos*]" = UIStatusBarStyleDefault;
				"INFOPLIST_KEY_UIStatusBarStyle[sdk=iphonesimulator*]" = UIStatusBarStyleDefault;
				INFOPLIST_KEY_UISupportedInterfaceOrientations_iPad = "UIInterfaceOrientationPortrait UIInterfaceOrientationPortraitUpsideDown UIInterfaceOrientationLandscapeLeft UIInterfaceOrientationLandscapeRight";
				INFOPLIST_KEY_UISupportedInterfaceOrientations_iPhone = "UIInterfaceOrientationPortrait UIInterfaceOrientationLandscapeLeft UIInterfaceOrientationLandscapeRight";
				IPHONEOS_DEPLOYMENT_TARGET = 16.0;
				LD_RUNPATH_SEARCH_PATHS = "@executable_path/Frameworks";
				"LD_RUNPATH_SEARCH_PATHS[sdk=macosx*]" = "@executable_path/../Frameworks";
				MACOSX_DEPLOYMENT_TARGET = 12.5;
				MARKETING_VERSION = 1.0;
				PRODUCT_BUNDLE_IDENTIFIER = "io.github.setku.gametools.Game-Tools";
				PRODUCT_NAME = "$(TARGET_NAME)";
				SDKROOT = auto;
				SUPPORTED_PLATFORMS = "iphoneos iphonesimulator macosx";
				SWIFT_EMIT_LOC_STRINGS = YES;
				SWIFT_VERSION = 5.0;
				TARGETED_DEVICE_FAMILY = "1,2";
			};
			name = Debug;
		};
		2477145028A0969100B8AE5C /* Release */ = {
			isa = XCBuildConfiguration;
			buildSettings = {
				ASSETCATALOG_COMPILER_APPICON_NAME = AppIcon;
				ASSETCATALOG_COMPILER_GLOBAL_ACCENT_COLOR_NAME = AccentColor;
				CODE_SIGN_ENTITLEMENTS = "Game Tools/Game_Tools.entitlements";
				CODE_SIGN_STYLE = Automatic;
				CURRENT_PROJECT_VERSION = 1;
				DEVELOPMENT_ASSET_PATHS = "\"Game Tools/Preview Content\"";
				DEVELOPMENT_TEAM = N5X3KC9PBF;
				ENABLE_HARDENED_RUNTIME = YES;
				ENABLE_PREVIEWS = YES;
				GENERATE_INFOPLIST_FILE = YES;
				"INFOPLIST_KEY_UIApplicationSceneManifest_Generation[sdk=iphoneos*]" = YES;
				"INFOPLIST_KEY_UIApplicationSceneManifest_Generation[sdk=iphonesimulator*]" = YES;
				"INFOPLIST_KEY_UIApplicationSupportsIndirectInputEvents[sdk=iphoneos*]" = YES;
				"INFOPLIST_KEY_UIApplicationSupportsIndirectInputEvents[sdk=iphonesimulator*]" = YES;
				"INFOPLIST_KEY_UILaunchScreen_Generation[sdk=iphoneos*]" = YES;
				"INFOPLIST_KEY_UILaunchScreen_Generation[sdk=iphonesimulator*]" = YES;
				"INFOPLIST_KEY_UIStatusBarStyle[sdk=iphoneos*]" = UIStatusBarStyleDefault;
				"INFOPLIST_KEY_UIStatusBarStyle[sdk=iphonesimulator*]" = UIStatusBarStyleDefault;
				INFOPLIST_KEY_UISupportedInterfaceOrientations_iPad = "UIInterfaceOrientationPortrait UIInterfaceOrientationPortraitUpsideDown UIInterfaceOrientationLandscapeLeft UIInterfaceOrientationLandscapeRight";
				INFOPLIST_KEY_UISupportedInterfaceOrientations_iPhone = "UIInterfaceOrientationPortrait UIInterfaceOrientationLandscapeLeft UIInterfaceOrientationLandscapeRight";
				IPHONEOS_DEPLOYMENT_TARGET = 16.0;
				LD_RUNPATH_SEARCH_PATHS = "@executable_path/Frameworks";
				"LD_RUNPATH_SEARCH_PATHS[sdk=macosx*]" = "@executable_path/../Frameworks";
				MACOSX_DEPLOYMENT_TARGET = 12.5;
				MARKETING_VERSION = 1.0;
				PRODUCT_BUNDLE_IDENTIFIER = "io.github.setku.gametools.Game-Tools";
				PRODUCT_NAME = "$(TARGET_NAME)";
				SDKROOT = auto;
				SUPPORTED_PLATFORMS = "iphoneos iphonesimulator macosx";
				SWIFT_EMIT_LOC_STRINGS = YES;
				SWIFT_VERSION = 5.0;
				TARGETED_DEVICE_FAMILY = "1,2";
			};
			name = Release;
		};
		2477145228A0969100B8AE5C /* Debug */ = {
			isa = XCBuildConfiguration;
			buildSettings = {
				ALWAYS_EMBED_SWIFT_STANDARD_LIBRARIES = YES;
				BUNDLE_LOADER = "$(TEST_HOST)";
				CODE_SIGN_STYLE = Automatic;
				CURRENT_PROJECT_VERSION = 1;
				DEVELOPMENT_TEAM = N5X3KC9PBF;
				GENERATE_INFOPLIST_FILE = YES;
				IPHONEOS_DEPLOYMENT_TARGET = 16.0;
				MACOSX_DEPLOYMENT_TARGET = 12.5;
				MARKETING_VERSION = 1.0;
				PRODUCT_BUNDLE_IDENTIFIER = "io.github.setku.gametools.Game-ToolsTests";
				PRODUCT_NAME = "$(TARGET_NAME)";
				SDKROOT = auto;
				SUPPORTED_PLATFORMS = "iphoneos iphonesimulator macosx";
				SWIFT_EMIT_LOC_STRINGS = NO;
				SWIFT_VERSION = 5.0;
				TARGETED_DEVICE_FAMILY = "1,2";
				TEST_HOST = "$(BUILT_PRODUCTS_DIR)/Game Tools.app/$(BUNDLE_EXECUTABLE_FOLDER_PATH)/Game Tools";
			};
			name = Debug;
		};
		2477145328A0969100B8AE5C /* Release */ = {
			isa = XCBuildConfiguration;
			buildSettings = {
				ALWAYS_EMBED_SWIFT_STANDARD_LIBRARIES = YES;
				BUNDLE_LOADER = "$(TEST_HOST)";
				CODE_SIGN_STYLE = Automatic;
				CURRENT_PROJECT_VERSION = 1;
				DEVELOPMENT_TEAM = N5X3KC9PBF;
				GENERATE_INFOPLIST_FILE = YES;
				IPHONEOS_DEPLOYMENT_TARGET = 16.0;
				MACOSX_DEPLOYMENT_TARGET = 12.5;
				MARKETING_VERSION = 1.0;
				PRODUCT_BUNDLE_IDENTIFIER = "io.github.setku.gametools.Game-ToolsTests";
				PRODUCT_NAME = "$(TARGET_NAME)";
				SDKROOT = auto;
				SUPPORTED_PLATFORMS = "iphoneos iphonesimulator macosx";
				SWIFT_EMIT_LOC_STRINGS = NO;
				SWIFT_VERSION = 5.0;
				TARGETED_DEVICE_FAMILY = "1,2";
				TEST_HOST = "$(BUILT_PRODUCTS_DIR)/Game Tools.app/$(BUNDLE_EXECUTABLE_FOLDER_PATH)/Game Tools";
			};
			name = Release;
		};
		2477145528A0969100B8AE5C /* Debug */ = {
			isa = XCBuildConfiguration;
			buildSettings = {
				ALWAYS_EMBED_SWIFT_STANDARD_LIBRARIES = YES;
				CODE_SIGN_STYLE = Automatic;
				CURRENT_PROJECT_VERSION = 1;
				DEVELOPMENT_TEAM = N5X3KC9PBF;
				GENERATE_INFOPLIST_FILE = YES;
				IPHONEOS_DEPLOYMENT_TARGET = 16.0;
				MACOSX_DEPLOYMENT_TARGET = 12.5;
				MARKETING_VERSION = 1.0;
				PRODUCT_BUNDLE_IDENTIFIER = "io.github.setku.gametools.Game-ToolsUITests";
				PRODUCT_NAME = "$(TARGET_NAME)";
				SDKROOT = auto;
				SUPPORTED_PLATFORMS = "iphoneos iphonesimulator macosx";
				SWIFT_EMIT_LOC_STRINGS = NO;
				SWIFT_VERSION = 5.0;
				TARGETED_DEVICE_FAMILY = "1,2";
				TEST_TARGET_NAME = "Game Tools";
			};
			name = Debug;
		};
		2477145628A0969100B8AE5C /* Release */ = {
			isa = XCBuildConfiguration;
			buildSettings = {
				ALWAYS_EMBED_SWIFT_STANDARD_LIBRARIES = YES;
				CODE_SIGN_STYLE = Automatic;
				CURRENT_PROJECT_VERSION = 1;
				DEVELOPMENT_TEAM = N5X3KC9PBF;
				GENERATE_INFOPLIST_FILE = YES;
				IPHONEOS_DEPLOYMENT_TARGET = 16.0;
				MACOSX_DEPLOYMENT_TARGET = 12.5;
				MARKETING_VERSION = 1.0;
				PRODUCT_BUNDLE_IDENTIFIER = "io.github.setku.gametools.Game-ToolsUITests";
				PRODUCT_NAME = "$(TARGET_NAME)";
				SDKROOT = auto;
				SUPPORTED_PLATFORMS = "iphoneos iphonesimulator macosx";
				SWIFT_EMIT_LOC_STRINGS = NO;
				SWIFT_VERSION = 5.0;
				TARGETED_DEVICE_FAMILY = "1,2";
				TEST_TARGET_NAME = "Game Tools";
			};
			name = Release;
		};
/* End XCBuildConfiguration section */

/* Begin XCConfigurationList section */
		2477142428A0969000B8AE5C /* Build configuration list for PBXProject "Game Tools" */ = {
			isa = XCConfigurationList;
			buildConfigurations = (
				2477144C28A0969100B8AE5C /* Debug */,
				2477144D28A0969100B8AE5C /* Release */,
			);
			defaultConfigurationIsVisible = 0;
			defaultConfigurationName = Release;
		};
		2477144E28A0969100B8AE5C /* Build configuration list for PBXNativeTarget "Game Tools" */ = {
			isa = XCConfigurationList;
			buildConfigurations = (
				2477144F28A0969100B8AE5C /* Debug */,
				2477145028A0969100B8AE5C /* Release */,
			);
			defaultConfigurationIsVisible = 0;
			defaultConfigurationName = Release;
		};
		2477145128A0969100B8AE5C /* Build configuration list for PBXNativeTarget "Game ToolsTests" */ = {
			isa = XCConfigurationList;
			buildConfigurations = (
				2477145228A0969100B8AE5C /* Debug */,
				2477145328A0969100B8AE5C /* Release */,
			);
			defaultConfigurationIsVisible = 0;
			defaultConfigurationName = Release;
		};
		2477145428A0969100B8AE5C /* Build configuration list for PBXNativeTarget "Game ToolsUITests" */ = {
			isa = XCConfigurationList;
			buildConfigurations = (
				2477145528A0969100B8AE5C /* Debug */,
				2477145628A0969100B8AE5C /* Release */,
			);
			defaultConfigurationIsVisible = 0;
			defaultConfigurationName = Release;
		};
/* End XCConfigurationList section */
	};
	rootObject = 2477142128A0969000B8AE5C /* Project object */;
}
